<?xml version="1.0" encoding="utf-8"?>
<Project ToolsVersion="4.0" xmlns="http://schemas.microsoft.com/developer/msbuild/2003">
  <ItemGroup>
    <Filter Include="Source Files">
      <UniqueIdentifier>{4FC737F1-C7A5-4376-A066-2A32D752A2FF}</UniqueIdentifier>
      <Extensions>cpp;c;cc;cxx;def;odl;idl;hpj;bat;asm;asmx</Extensions>
    </Filter>
    <Filter Include="Header Files">
      <UniqueIdentifier>{93995380-89BD-4b04-88EB-625FBE52EBFB}</UniqueIdentifier>
      <Extensions>h;hpp;hxx;hm;inl;inc;xsd</Extensions>
    </Filter>
    <Filter Include="Resource Files">
      <UniqueIdentifier>{67DA6AB6-F800-4c08-8B7A-83BB121AAD01}</UniqueIdentifier>
      <Extensions>rc;ico;cur;bmp;dlg;rc2;rct;bin;rgs;gif;jpg;jpeg;jpe;resx;tiff;tif;png;wav</Extensions>
    </Filter>
  </ItemGroup>
  <ItemGroup>
    <ClCompile Include="AdminPlugin.cpp">
      <Filter>Source Files</Filter>
    </ClCompile>
    <ClCompile Include="Auth.cpp">
      <Filter>Source Files</Filter>
    </ClCompile>
    <ClCompile Include="diskinfo.cpp">
      <Filter>Source Files</Filter>
    </ClCompile>
    <ClCompile Include="ExtScript.cpp">
      <Filter>Source Files</Filter>
    </ClCompile>
    <ClCompile Include="hidecode.cpp">
      <Filter>Source Files</Filter>
    </ClCompile>
    <ClCompile Include="Hooking.cpp">
      <Filter>Source Files</Filter>
    </ClCompile>
    <ClCompile Include="HTTPService.cpp">
      <Filter>Source Files</Filter>
    </ClCompile>
    <ClCompile Include="hwbrk.cpp">
      <Filter>Source Files</Filter>
    </ClCompile>
    <ClCompile Include="Log.cpp">
      <Filter>Source Files</Filter>
    </ClCompile>
    <ClCompile Include="Main.cpp">
      <Filter>Source Files</Filter>
    </ClCompile>
    <ClCompile Include="MW2.cpp">
      <Filter>Source Files</Filter>
    </ClCompile>
    <ClCompile Include="myIDirect3D9.cpp">
      <Filter>Source Files</Filter>
    </ClCompile>
    <ClCompile Include="myIDirect3DDevice9.cpp">
      <Filter>Source Files</Filter>
    </ClCompile>
    <ClCompile Include="PatchMW2.cpp">
      <Filter>Source Files</Filter>
    </ClCompile>
    <ClCompile Include="PatchMW2AssetRestrict.cpp">
      <Filter>Source Files</Filter>
    </ClCompile>
    <ClCompile Include="PatchMW2Branding.cpp">
      <Filter>Source Files</Filter>
    </ClCompile>
    <ClCompile Include="PatchMW2ClientCommands.cpp">
      <Filter>Source Files</Filter>
    </ClCompile>
    <ClCompile Include="PatchMW2ClientConsole.cpp">
      <Filter>Source Files</Filter>
    </ClCompile>
    <ClCompile Include="PatchMW2Console.cpp">
      <Filter>Source Files</Filter>
    </ClCompile>
    <ClCompile Include="PatchMW2ConsoleTitle.cpp">
      <Filter>Source Files</Filter>
    </ClCompile>
    <ClCompile Include="PatchMW2Dedicated.cpp">
      <Filter>Source Files</Filter>
    </ClCompile>
    <ClCompile Include="PatchMW2DemoRecording.cpp">
      <Filter>Source Files</Filter>
    </ClCompile>
    <ClCompile Include="PatchMW2DownloadCL.cpp">
      <Filter>Source Files</Filter>
    </ClCompile>
    <ClCompile Include="PatchMW2DownloadSV.cpp">
      <Filter>Source Files</Filter>
    </ClCompile>
    <ClCompile Include="PatchMW2Dvars.cpp">
      <Filter>Source Files</Filter>
    </ClCompile>
    <ClCompile Include="PatchMW2Experiments.cpp">
      <Filter>Source Files</Filter>
    </ClCompile>
    <ClCompile Include="PatchMW2FifthInfinity.cpp">
      <Filter>Source Files</Filter>
    </ClCompile>
    <ClCompile Include="PatchMW2FXAA.cpp">
      <Filter>Source Files</Filter>
    </ClCompile>
    <ClCompile Include="PatchMW2IGMenu.cpp">
      <Filter>Source Files</Filter>
    </ClCompile>
    <ClCompile Include="PatchMW2Legacy.cpp">
      <Filter>Source Files</Filter>
    </ClCompile>
    <ClCompile Include="PatchMW2Load.cpp">
      <Filter>Source Files</Filter>
    </ClCompile>
    <ClCompile Include="PatchMW2LogInitGame.cpp">
      <Filter>Source Files</Filter>
    </ClCompile>
    <ClCompile Include="PatchMW2MatchData.cpp">
      <Filter>Source Files</Filter>
    </ClCompile>
    <ClCompile Include="PatchMW2MatchRecord.cpp">
      <Filter>Source Files</Filter>
    </ClCompile>
    <ClCompile Include="PatchMW2Materialism.cpp">
      <Filter>Source Files</Filter>
    </ClCompile>
    <ClCompile Include="PatchMW2NewsTicker.cpp">
      <Filter>Source Files</Filter>
    </ClCompile>
    <ClCompile Include="PatchMW2NoBorder.cpp">
      <Filter>Source Files</Filter>
    </ClCompile>
    <ClCompile Include="PatchMW2OOB.cpp">
      <Filter>Source Files</Filter>
    </ClCompile>
    <ClCompile Include="PatchMW2Playlists.cpp">
      <Filter>Source Files</Filter>
    </ClCompile>
    <ClCompile Include="PatchMW2Prefix.cpp">
      <Filter>Source Files</Filter>
    </ClCompile>
    <ClCompile Include="PatchMW2ProtoSix.cpp">
      <Filter>Source Files</Filter>
    </ClCompile>
    <ClCompile Include="PatchMW2Redirect.cpp">
      <Filter>Source Files</Filter>
    </ClCompile>
    <ClCompile Include="PatchMW2RemoteConsoleCL.cpp">
      <Filter>Source Files</Filter>
    </ClCompile>
    <ClCompile Include="PatchMW2RemoteConsoleSV.cpp">
      <Filter>Source Files</Filter>
    </ClCompile>
    <ClCompile Include="PatchMW2Repro.cpp">
      <Filter>Source Files</Filter>
    </ClCompile>
    <ClCompile Include="PatchMW2ScoreboardInfo.cpp">
      <Filter>Source Files</Filter>
    </ClCompile>
    <ClCompile Include="PatchMW2ScriptCompileDebug.cpp">
      <Filter>Source Files</Filter>
    </ClCompile>
    <ClCompile Include="PatchMW2ServerList.cpp">
      <Filter>Source Files</Filter>
    </ClCompile>
    <ClCompile Include="PatchMW2SPMaps.cpp">
      <Filter>Source Files</Filter>
    </ClCompile>
    <ClCompile Include="PatchMW2Stats.cpp">
      <Filter>Source Files</Filter>
    </ClCompile>
    <ClCompile Include="PatchMW2Status.cpp">
      <Filter>Source Files</Filter>
    </ClCompile>
    <ClCompile Include="PatchMW2StringTable.cpp">
      <Filter>Source Files</Filter>
    </ClCompile>
    <ClCompile Include="PatchMW2SuicideMessages.cpp">
      <Filter>Source Files</Filter>
    </ClCompile>
    <ClCompile Include="PatchMW2UILoading.cpp">
      <Filter>Source Files</Filter>
    </ClCompile>
    <ClCompile Include="PatchMW2Uncoupling.cpp">
      <Filter>Source Files</Filter>
    </ClCompile>
    <ClCompile Include="PatchMW2WeaponCamos.cpp">
      <Filter>Source Files</Filter>
    </ClCompile>
    <ClCompile Include="Script.cpp">
      <Filter>Source Files</Filter>
    </ClCompile>
    <ClCompile Include="StdInc.cpp">
      <Filter>Source Files</Filter>
    </ClCompile>
    <ClCompile Include="SteamAPI.cpp">
      <Filter>Source Files</Filter>
    </ClCompile>
    <ClCompile Include="SteamBase.cpp">
      <Filter>Source Files</Filter>
    </ClCompile>
    <ClCompile Include="SteamFriends005.cpp">
      <Filter>Source Files</Filter>
    </ClCompile>
    <ClCompile Include="SteamGameServer009.cpp">
      <Filter>Source Files</Filter>
    </ClCompile>
    <ClCompile Include="SteamMasterServerUpdater001.cpp">
      <Filter>Source Files</Filter>
    </ClCompile>
    <ClCompile Include="SteamMatchmaking007.cpp">
      <Filter>Source Files</Filter>
    </ClCompile>
    <ClCompile Include="SteamNetworking003.cpp">
      <Filter>Source Files</Filter>
    </ClCompile>
    <ClCompile Include="SteamProxy.cpp">
      <Filter>Source Files</Filter>
    </ClCompile>
    <ClCompile Include="SteamRemoteStorage002.cpp">
      <Filter>Source Files</Filter>
    </ClCompile>
    <ClCompile Include="SteamUser012.cpp">
      <Filter>Source Files</Filter>
    </ClCompile>
    <ClCompile Include="SteamUtils005.cpp">
      <Filter>Source Files</Filter>
    </ClCompile>
    <ClCompile Include="Utils.cpp">
      <Filter>Source Files</Filter>
    </ClCompile>
    <ClCompile Include="PatchMW2Loadscreens.cpp">
      <Filter>Source Files</Filter>
    </ClCompile>
    <ClCompile Include="PatchMW2UIScripts.cpp">
      <Filter>Source Files</Filter>
    </ClCompile>
    <ClCompile Include="PatchMW2ModList.cpp">
      <Filter>Source Files</Filter>
    </ClCompile>
    <ClCompile Include="PatchMW2Extrasensory.cpp">
      <Filter>Source Files</Filter>
    </ClCompile>
    <ClCompile Include="PatchMW2XPBar.cpp">
      <Filter>Source Files</Filter>
    </ClCompile>
    <ClCompile Include="PatchMW2ClientDvar.cpp">
      <Filter>Source Files</Filter>
    </ClCompile>
    <ClCompile Include="PatchMW2Voting.cpp">
      <Filter>Source Files</Filter>
    </ClCompile>
    <ClCompile Include="PatchMW2Friends.cpp">
      <Filter>Source Files</Filter>
    </ClCompile>
    <ClCompile Include="PatchMW2DumpModel.cpp">
      <Filter>Source Files</Filter>
    </ClCompile>
    <ClCompile Include="ServerStorage.cpp">
      <Filter>Source Files</Filter>
    </ClCompile>
    <ClCompile Include="PatchMW2MusicalTalent.cpp">
      <Filter>Source Files</Filter>
    </ClCompile>
    <ClCompile Include="PatchMW2CModels.cpp">
      <Filter>Source Files</Filter>
    </ClCompile>
    <ClCompile Include="PatchMW2FilePointers.cpp">
      <Filter>Source Files</Filter>
    </ClCompile>
    <ClCompile Include="PatchMW2DediSlowmotion.cpp">
      <Filter>Source Files</Filter>
    </ClCompile>
    <ClCompile Include="PatchMW2PreAuthenticate.cpp">
      <Filter>Source Files</Filter>
    </ClCompile>
    <ClCompile Include="PatchMW2LoadVehicleDef.cpp">
      <Filter>Source Files</Filter>
    </ClCompile>
    <ClCompile Include="PatchMW2LocalizedStrings.cpp">
      <Filter>Source Files</Filter>
    </ClCompile>
    <ClCompile Include="PatchMW2NClient.cpp">
      <Filter>Source Files</Filter>
    </ClCompile>
    <ClCompile Include="HiddenAssets.cpp">
      <Filter>Source Files</Filter>
    </ClCompile>
    <ClCompile Include="PatchMW2StringList.cpp">
      <Filter>Source Files</Filter>
    </ClCompile>
    <ClCompile Include="PatchMW2RecoverDevice.cpp">
      <Filter>Source Files</Filter>
    </ClCompile>
    <ClCompile Include="DLCInstaller.cpp">
      <Filter>Source Files</Filter>
    </ClCompile>
    <ClCompile Include="PatchMW2DediConfig.cpp">
      <Filter>Source Files</Filter>
    </ClCompile>
    <ClCompile Include="PatchMW2PartyBypass.cpp">
      <Filter>Source Files</Filter>
    </ClCompile>
    <ClCompile Include="PatchMW2MaxClients.cpp">
      <Filter>Source Files</Filter>
    </ClCompile>
    <ClCompile Include="PatchMW2MaxClientsSV.cpp">
      <Filter>Source Files</Filter>
    </ClCompile>
    <ClCompile Include="PatchMW2MaxClientsCL.cpp">
      <Filter>Source Files</Filter>
    </ClCompile>
    <ClCompile Include="GameInterface.cpp">
      <Filter>Source Files</Filter>
    </ClCompile>
    <ClCompile Include="PatchMW2RecordingSV.cpp">
      <Filter>Source Files</Filter>
    </ClCompile>
    <ClCompile Include="PatchMW2FrameTime.cpp">
      <Filter>Source Files</Filter>
    </ClCompile>
    <ClCompile Include="PatchMW2FrameRateSV.cpp">
      <Filter>Source Files</Filter>
    </ClCompile>
    <ClCompile Include="UserAvatars.cpp">
      <Filter>Source Files</Filter>
    </ClCompile>
    <ClCompile Include="PatchMW2PartialWeaponry.cpp">
      <Filter>Source Files</Filter>
    </ClCompile>
    <ClCompile Include="PatchMW2ArenaLength.cpp">
      <Filter>Source Files</Filter>
    </ClCompile>
  </ItemGroup>
  <ItemGroup>
    <ClInclude Include="AdminPlugin.h">
      <Filter>Header Files</Filter>
    </ClInclude>
    <ClInclude Include="diskinfo.h">
      <Filter>Header Files</Filter>
    </ClInclude>
    <ClInclude Include="ExtScript.h">
      <Filter>Header Files</Filter>
    </ClInclude>
    <ClInclude Include="Hooking.h">
      <Filter>Header Files</Filter>
    </ClInclude>
    <ClInclude Include="hwbrk.h">
      <Filter>Header Files</Filter>
    </ClInclude>
    <ClInclude Include="Log.h">
      <Filter>Header Files</Filter>
    </ClInclude>
    <ClInclude Include="MW2.h">
      <Filter>Header Files</Filter>
    </ClInclude>
    <ClInclude Include="myIDirect3D9.h">
      <Filter>Header Files</Filter>
    </ClInclude>
    <ClInclude Include="myIDirect3DDevice9.h">
      <Filter>Header Files</Filter>
    </ClInclude>
    <ClInclude Include="PatchMW2ServerList.h">
      <Filter>Header Files</Filter>
    </ClInclude>
    <ClInclude Include="Script.h">
      <Filter>Header Files</Filter>
    </ClInclude>
    <ClInclude Include="StdInc.h">
      <Filter>Header Files</Filter>
    </ClInclude>
    <ClInclude Include="SteamBase.h">
      <Filter>Header Files</Filter>
    </ClInclude>
    <ClInclude Include="SteamFriends005.h">
      <Filter>Header Files</Filter>
    </ClInclude>
    <ClInclude Include="SteamGameServer009.h">
      <Filter>Header Files</Filter>
    </ClInclude>
    <ClInclude Include="SteamMasterServerUpdater001.h">
      <Filter>Header Files</Filter>
    </ClInclude>
    <ClInclude Include="SteamMatchmaking007.h">
      <Filter>Header Files</Filter>
    </ClInclude>
    <ClInclude Include="SteamNetworking003.h">
      <Filter>Header Files</Filter>
    </ClInclude>
    <ClInclude Include="SteamRemoteStorage002.h">
      <Filter>Header Files</Filter>
    </ClInclude>
    <ClInclude Include="SteamUser012.h">
      <Filter>Header Files</Filter>
    </ClInclude>
    <ClInclude Include="SteamUtils005.h">
      <Filter>Header Files</Filter>
    </ClInclude>
    <ClInclude Include="Utils.h">
      <Filter>Header Files</Filter>
    </ClInclude>
    <ClInclude Include="PatchMW2UIScripts.h">
      <Filter>Header Files</Filter>
    </ClInclude>
    <ClInclude Include="PatchMW2Voting.h">
      <Filter>Header Files</Filter>
    </ClInclude>
    <ClInclude Include="ServerStorage.h">
      <Filter>Header Files</Filter>
    </ClInclude>
    <ClInclude Include="NUI.h">
      <Filter>Header Files</Filter>
    </ClInclude>
    <ClInclude Include="ExtDLL.h">
      <Filter>Header Files</Filter>
    </ClInclude>
    <ClInclude Include="s10e5.h">
      <Filter>Header Files</Filter>
    </ClInclude>
    <ClInclude Include="Recording.h">
      <Filter>Header Files</Filter>
    </ClInclude>
    <ClInclude Include="PartialWeaponry.h">
      <Filter>Header Files</Filter>
    </ClInclude>
  </ItemGroup>
</Project>